{
  "originHash" : "9c6d06c0f29c885c397f1feb0d3d4f58e81877079d92daa2cbcb698148e13485",
  "pins" : [
    {
      "identity" : "pdfgenerator",
      "kind" : "remoteSourceControl",
      "location" : "https://github.com/nagata-kobo/PDFGenerator.git",
      "state" : {
        "revision" : "40f959c3a6b09c4c943b0b7c8a66bd21ac716931",
        "version" : "1.1.7"
      }
    }
  ],
  "version" : 3
}
