{
  "originHash" : "9c6d06c0f29c885c397f1feb0d3d4f58e81877079d92daa2cbcb698148e13485",
  "pins" : [
    {
      "identity" : "pdfgenerator",
      "kind" : "remoteSourceControl",
      "location" : "https://github.com/nagata-kobo/PDFGenerator.git",
      "state" : {
        "revision" : "ebcfa011b108ddb3586a1bf929559aee9dd36fe8",
        "version" : "1.0.2"
      }
    }
  ],
  "version" : 3
}
